{
  "name": "handranker-latest",
  "version": "2.0.2",
  "lockfileVersion": 2,
  "requires": true,
  "packages": {
    "": {
      "name": "handranker-latest",
      "version": "2.0.2",
      "license": "BSD-2-Clause",
      "dependencies": {
        "underscore": "^1.12.1"
      },
      "devDependencies": {
        "should": "1.2.2"
      }
    },
    "node_modules/should": {
      "version": "1.2.2",
      "resolved": "https://registry.npmjs.org/should/-/should-1.2.2.tgz",
      "integrity": "sha512-BJvFHt+W3cGA3dTnuiXKMPVmPHUpczihNvohDjiRUhzrKAAeicTBK7eCptmrGglEiCaIEf2IZXYKIeHpGiIraA==",
      "dev": true,
      "engines": {
        "node": ">= 0.2.0"
      }
    },
    "node_modules/underscore": {
      "version": "1.13.4",
      "resolved": "https://registry.npmjs.org/underscore/-/underscore-1.13.4.tgz",
      "integrity": "sha512-BQFnUDuAQ4Yf/cYY5LNrK9NCJFKriaRbD9uR1fTeXnBeoa97W0i41qkZfGO9pSo8I5KzjAcSY2XYtdf0oKd7KQ==",
      "license": "MIT"
    }
  },
  "dependencies": {
    "should": {
      "version": "1.2.2",
      "resolved": "https://registry.npmjs.org/should/-/should-1.2.2.tgz",
      "integrity": "sha512-BJvFHt+W3cGA3dTnuiXKMPVmPHUpczihNvohDjiRUhzrKAAeicTBK7eCptmrGglEiCaIEf2IZXYKIeHpGiIraA==",
      "dev": true
    },
    "underscore": {
      "version": "1.13.4",
      "resolved": "https://registry.npmjs.org/underscore/-/underscore-1.13.4.tgz",
      "integrity": "sha512-BQFnUDuAQ4Yf/cYY5LNrK9NCJFKriaRbD9uR1fTeXnBeoa97W0i41qkZfGO9pSo8I5KzjAcSY2XYtdf0oKd7KQ=="
    }
  }
}
