# THIS IS AN AUTOGENERATED FILE. DO NOT EDIT THIS FILE DIRECTLY.
# yarn lockfile v1


should@1.2.2:
  version "1.2.2"
  resolved "https://registry.npmjs.org/should/-/should-1.2.2.tgz"
  integrity sha512-BJvFHt+W3cGA3dTnuiXKMPVmPHUpczihNvohDjiRUhzrKAAeicTBK7eCptmrGglEiCaIEf2IZXYKIeHpGiIraA==

underscore@^1.12.1:
  version "1.13.4"
  resolved "https://registry.yarnpkg.com/underscore/-/underscore-1.13.4.tgz#7886b46bbdf07f768e0052f1828e1dcab40c0dee"
  integrity sha512-BQFnUDuAQ4Yf/cYY5LNrK9NCJFKriaRbD9uR1fTeXnBeoa97W0i41qkZfGO9pSo8I5KzjAcSY2XYtdf0oKd7KQ==
