# THIS IS AN AUTOGENERATED FILE. DO NOT EDIT THIS FILE DIRECTLY.
# yarn lockfile v1


"should@1.2.2":
  "integrity" "sha512-BJvFHt+W3cGA3dTnuiXKMPVmPHUpczihNvohDjiRUhzrKAAeicTBK7eCptmrGglEiCaIEf2IZXYKIeHpGiIraA=="
  "resolved" "https://registry.npmjs.org/should/-/should-1.2.2.tgz"
  "version" "1.2.2"

"underscore@1.5.1":
  "integrity" "sha512-yOc7VukmA45a1D6clUn1mD7Mbc9LcVYAQEXNKSTblzha59hSFJ6cAt90JDoxh05GQnTPI9nk4wjT/I8C/nAMPw=="
  "resolved" "https://registry.npmjs.org/underscore/-/underscore-1.5.1.tgz"
  "version" "1.5.1"
